PODS:
  - FlutterMacOS (1.0.0)
  - webdartc_flutter (0.1.0):
    - FlutterMacOS

DEPENDENCIES:
  - FlutterMacOS (from `Flutter/ephemeral`)
  - webdartc_flutter (from `Flutter/ephemeral/.symlinks/plugins/webdartc_flutter/macos`)

EXTERNAL SOURCES:
  FlutterMacOS:
    :path: Flutter/ephemeral
  webdartc_flutter:
    :path: Flutter/ephemeral/.symlinks/plugins/webdartc_flutter/macos

SPEC CHECKSUMS:
  FlutterMacOS: d0db08ddef1a9af05a5ec4b724367152bb0500b1
  webdartc_flutter: 70a7597ee7bf79a2972d7cc027afc39dc78079c9

PODFILE CHECKSUM: 54d867c82ac51cbd61b565781b9fada492027009

COCOAPODS: 1.16.2
